
Microsoft Visual Studio Solution File, Format Version 12.00
# Visual Studio Version 17
VisualStudioVersion = 17.7.34221.43
MinimumVisualStudioVersion = 10.0.40219.1
Project("{FAE04EC0-301F-11D3-BF4B-00C04F79EFBC}") = "KillFeedFilter", "KillFeedFilter.csproj", "{2CE33528-F157-40A9-9234-B4F701FA227D}"
EndProject
Global
	GlobalSection(SolutionConfigurationPlatforms) = preSolution
		Debug|Any CPU = Debug|Any CPU
		Release|Any CPU = Release|Any CPU
	EndGlobalSection
	GlobalSection(ProjectConfigurationPlatforms) = postSolution
		{2CE33528-F157-40A9-9234-B4F701FA227D}.Debug|Any CPU.ActiveCfg = Debug|Any CPU
		{2CE33528-F157-40A9-9234-B4F701FA227D}.Debug|Any CPU.Build.0 = Debug|Any CPU
		{2CE33528-F157-40A9-9234-B4F701FA227D}.Release|Any CPU.ActiveCfg = Release|Any CPU
		{2CE33528-F157-40A9-9234-B4F701FA227D}.Release|Any CPU.Build.0 = Release|Any CPU
	EndGlobalSection
	GlobalSection(SolutionProperties) = preSolution
		HideSolutionNode = FALSE
	EndGlobalSection
	GlobalSection(ExtensibilityGlobals) = postSolution
		SolutionGuid = {44711264-E4EB-4A82-94D8-0C98497C7300}
	EndGlobalSection
EndGlobal
